
Microsoft Visual Studio Solution File, Format Version 12.00
# Visual Studio 15
VisualStudioVersion = 15.0.26228.4
MinimumVisualStudioVersion = 10.0.40219.1
Project("{2150E333-8FDC-42A3-9474-1A3956D46DE8}") = "src", "src", "{3EB8BB73-2CC1-4FC7-9698-902450CA3001}"
EndProject
Project("{2150E333-8FDC-42A3-9474-1A3956D46DE8}") = "Solution Items", "Solution Items", "{8594D0A8-B047-44DE-A052-3C9E33EE3827}"
EndProject
Project("{2150E333-8FDC-42A3-9474-1A3956D46DE8}") = "BusinessLib", "BusinessLib", "{57D4B932-385A-450E-ACDD-AA077F9CB72A}"
EndProject
Project("{2150E333-8FDC-42A3-9474-1A3956D46DE8}") = "Commom", "Commom", "{5CCA55FA-B99C-46D5-82FC-0B9F99774F18}"
EndProject
Project("{2150E333-8FDC-42A3-9474-1A3956D46DE8}") = "RepositoryLib", "RepositoryLib", "{E5B5A82D-94FC-4D85-B977-CD58E2B5AAAB}"
EndProject
Project("{2150E333-8FDC-42A3-9474-1A3956D46DE8}") = "App", "App", "{6ABEC821-5BFF-46AC-A50F-A836B9A4C747}"
EndProject
Project("{2150E333-8FDC-42A3-9474-1A3956D46DE8}") = "Test", "Test", "{B13FD2BA-2B9B-442E-A8F9-3918ECC45CC1}"
EndProject
Project("{2150E333-8FDC-42A3-9474-1A3956D46DE8}") = "demo", "demo", "{F6B9DB56-95F6-462E-80CC-3A26394A61CC}"
EndProject
Project("{9A19103F-16F7-4668-BE54-9A1E7A4F7556}") = "ChaosCore.ModelBase", "src\Common\ChaosCore.ModelBase\ChaosCore.ModelBase.csproj", "{2F74725E-CB0A-46BC-9F22-8219E8CD06B1}"
EndProject
Project("{9A19103F-16F7-4668-BE54-9A1E7A4F7556}") = "TestCmd", "src\App\TestCmd\TestCmd.csproj", "{0E0D1296-18AA-452E-BE4B-968E53FAAE45}"
EndProject
Project("{9A19103F-16F7-4668-BE54-9A1E7A4F7556}") = "ChaosCore.RepositoryLib", "src\RepositoryLib\ChaosCore.RepositoryLib\ChaosCore.RepositoryLib.csproj", "{2C40E267-B61B-4012-849C-BD590DA5595F}"
EndProject
Project("{9A19103F-16F7-4668-BE54-9A1E7A4F7556}") = "ChaosCore.BusinessLib.Abstractions", "src\BusinessLib\ChaosCore.BusinessLib.Abstractions\ChaosCore.BusinessLib.Abstractions.csproj", "{F6514D97-8D76-4602-AC4B-27F827A25062}"
EndProject
Project("{9A19103F-16F7-4668-BE54-9A1E7A4F7556}") = "ChaosCore.BusinessLib", "src\BusinessLib\ChaosCore.BusinessLib\ChaosCore.BusinessLib.csproj", "{7448C1C0-C10A-4FE3-A97C-8C80E054D09E}"
EndProject
Project("{9A19103F-16F7-4668-BE54-9A1E7A4F7556}") = "ChaosCore.RepositoryLib.Abstractions", "src\RepositoryLib\ChaosCore.RepositoryLib.Abstractions\ChaosCore.RepositoryLib.Abstractions.csproj", "{E7904000-4AC6-40E4-997F-CC18E4F0F628}"
EndProject
Project("{9A19103F-16F7-4668-BE54-9A1E7A4F7556}") = "ChaosCore.CommonLib", "src\Common\ChaosCore.CommonLib\ChaosCore.CommonLib.csproj", "{C73E914F-B06E-4890-859C-1B3036D4ABC9}"
EndProject
Project("{9A19103F-16F7-4668-BE54-9A1E7A4F7556}") = "ChaosCore.Ioc", "src\Common\ChaosCore.Ioc\ChaosCore.Ioc.csproj", "{4FE9E4BA-4820-4321-9D79-A8767AC3B7C4}"
EndProject
Project("{9A19103F-16F7-4668-BE54-9A1E7A4F7556}") = "demo.SqlRepositoryLib", "src\demo\demo.SqlRepositoryLib\demo.SqlRepositoryLib.csproj", "{4F3B72B5-9A67-4A2B-8E15-2DEC2927E16D}"
EndProject
Project("{9A19103F-16F7-4668-BE54-9A1E7A4F7556}") = "demo.MysqlRepositoryLib", "src\demo\demo.MysqlRepositoryLib\demo.MysqlRepositoryLib.csproj", "{D4299DB2-4C07-4705-949B-A7CF7364E0CC}"
EndProject
Project("{9A19103F-16F7-4668-BE54-9A1E7A4F7556}") = "ChaosCore.Interception", "src\BusinessLib\ChaosCore.Interception\ChaosCore.Interception.csproj", "{38ED3A90-9B25-420B-9BD2-4FFE0091016F}"
EndProject
Project("{9A19103F-16F7-4668-BE54-9A1E7A4F7556}") = "demo.SqliteRepositoryLib", "src\demo\demo.SqliteRepositoryLib\demo.SqliteRepositoryLib.csproj", "{7676BF66-7200-4AF3-9A09-10C82AB82188}"
EndProject
Global
	GlobalSection(SolutionConfigurationPlatforms) = preSolution
		Debug|Any CPU = Debug|Any CPU
		Release|Any CPU = Release|Any CPU
	EndGlobalSection
	GlobalSection(ProjectConfigurationPlatforms) = postSolution
		{2F74725E-CB0A-46BC-9F22-8219E8CD06B1}.Debug|Any CPU.ActiveCfg = Debug|Any CPU
		{2F74725E-CB0A-46BC-9F22-8219E8CD06B1}.Debug|Any CPU.Build.0 = Debug|Any CPU
		{2F74725E-CB0A-46BC-9F22-8219E8CD06B1}.Release|Any CPU.ActiveCfg = Release|Any CPU
		{2F74725E-CB0A-46BC-9F22-8219E8CD06B1}.Release|Any CPU.Build.0 = Release|Any CPU
		{0E0D1296-18AA-452E-BE4B-968E53FAAE45}.Debug|Any CPU.ActiveCfg = Debug|Any CPU
		{0E0D1296-18AA-452E-BE4B-968E53FAAE45}.Debug|Any CPU.Build.0 = Debug|Any CPU
		{0E0D1296-18AA-452E-BE4B-968E53FAAE45}.Release|Any CPU.ActiveCfg = Release|Any CPU
		{0E0D1296-18AA-452E-BE4B-968E53FAAE45}.Release|Any CPU.Build.0 = Release|Any CPU
		{2C40E267-B61B-4012-849C-BD590DA5595F}.Debug|Any CPU.ActiveCfg = Debug|Any CPU
		{2C40E267-B61B-4012-849C-BD590DA5595F}.Debug|Any CPU.Build.0 = Debug|Any CPU
		{2C40E267-B61B-4012-849C-BD590DA5595F}.Release|Any CPU.ActiveCfg = Release|Any CPU
		{2C40E267-B61B-4012-849C-BD590DA5595F}.Release|Any CPU.Build.0 = Release|Any CPU
		{F6514D97-8D76-4602-AC4B-27F827A25062}.Debug|Any CPU.ActiveCfg = Debug|Any CPU
		{F6514D97-8D76-4602-AC4B-27F827A25062}.Debug|Any CPU.Build.0 = Debug|Any CPU
		{F6514D97-8D76-4602-AC4B-27F827A25062}.Release|Any CPU.ActiveCfg = Release|Any CPU
		{F6514D97-8D76-4602-AC4B-27F827A25062}.Release|Any CPU.Build.0 = Release|Any CPU
		{7448C1C0-C10A-4FE3-A97C-8C80E054D09E}.Debug|Any CPU.ActiveCfg = Debug|Any CPU
		{7448C1C0-C10A-4FE3-A97C-8C80E054D09E}.Debug|Any CPU.Build.0 = Debug|Any CPU
		{7448C1C0-C10A-4FE3-A97C-8C80E054D09E}.Release|Any CPU.ActiveCfg = Release|Any CPU
		{7448C1C0-C10A-4FE3-A97C-8C80E054D09E}.Release|Any CPU.Build.0 = Release|Any CPU
		{E7904000-4AC6-40E4-997F-CC18E4F0F628}.Debug|Any CPU.ActiveCfg = Debug|Any CPU
		{E7904000-4AC6-40E4-997F-CC18E4F0F628}.Debug|Any CPU.Build.0 = Debug|Any CPU
		{E7904000-4AC6-40E4-997F-CC18E4F0F628}.Release|Any CPU.ActiveCfg = Release|Any CPU
		{E7904000-4AC6-40E4-997F-CC18E4F0F628}.Release|Any CPU.Build.0 = Release|Any CPU
		{C73E914F-B06E-4890-859C-1B3036D4ABC9}.Debug|Any CPU.ActiveCfg = Debug|Any CPU
		{C73E914F-B06E-4890-859C-1B3036D4ABC9}.Debug|Any CPU.Build.0 = Debug|Any CPU
		{C73E914F-B06E-4890-859C-1B3036D4ABC9}.Release|Any CPU.ActiveCfg = Release|Any CPU
		{C73E914F-B06E-4890-859C-1B3036D4ABC9}.Release|Any CPU.Build.0 = Release|Any CPU
		{4FE9E4BA-4820-4321-9D79-A8767AC3B7C4}.Debug|Any CPU.ActiveCfg = Debug|Any CPU
		{4FE9E4BA-4820-4321-9D79-A8767AC3B7C4}.Debug|Any CPU.Build.0 = Debug|Any CPU
		{4FE9E4BA-4820-4321-9D79-A8767AC3B7C4}.Release|Any CPU.ActiveCfg = Release|Any CPU
		{4FE9E4BA-4820-4321-9D79-A8767AC3B7C4}.Release|Any CPU.Build.0 = Release|Any CPU
		{4F3B72B5-9A67-4A2B-8E15-2DEC2927E16D}.Debug|Any CPU.ActiveCfg = Debug|Any CPU
		{4F3B72B5-9A67-4A2B-8E15-2DEC2927E16D}.Debug|Any CPU.Build.0 = Debug|Any CPU
		{4F3B72B5-9A67-4A2B-8E15-2DEC2927E16D}.Release|Any CPU.ActiveCfg = Release|Any CPU
		{4F3B72B5-9A67-4A2B-8E15-2DEC2927E16D}.Release|Any CPU.Build.0 = Release|Any CPU
		{D4299DB2-4C07-4705-949B-A7CF7364E0CC}.Debug|Any CPU.ActiveCfg = Debug|Any CPU
		{D4299DB2-4C07-4705-949B-A7CF7364E0CC}.Debug|Any CPU.Build.0 = Debug|Any CPU
		{D4299DB2-4C07-4705-949B-A7CF7364E0CC}.Release|Any CPU.ActiveCfg = Release|Any CPU
		{D4299DB2-4C07-4705-949B-A7CF7364E0CC}.Release|Any CPU.Build.0 = Release|Any CPU
		{38ED3A90-9B25-420B-9BD2-4FFE0091016F}.Debug|Any CPU.ActiveCfg = Debug|Any CPU
		{38ED3A90-9B25-420B-9BD2-4FFE0091016F}.Debug|Any CPU.Build.0 = Debug|Any CPU
		{38ED3A90-9B25-420B-9BD2-4FFE0091016F}.Release|Any CPU.ActiveCfg = Release|Any CPU
		{38ED3A90-9B25-420B-9BD2-4FFE0091016F}.Release|Any CPU.Build.0 = Release|Any CPU
		{7676BF66-7200-4AF3-9A09-10C82AB82188}.Debug|Any CPU.ActiveCfg = Debug|Any CPU
		{7676BF66-7200-4AF3-9A09-10C82AB82188}.Debug|Any CPU.Build.0 = Debug|Any CPU
		{7676BF66-7200-4AF3-9A09-10C82AB82188}.Release|Any CPU.ActiveCfg = Release|Any CPU
		{7676BF66-7200-4AF3-9A09-10C82AB82188}.Release|Any CPU.Build.0 = Release|Any CPU
	EndGlobalSection
	GlobalSection(SolutionProperties) = preSolution
		HideSolutionNode = FALSE
	EndGlobalSection
	GlobalSection(NestedProjects) = preSolution
		{57D4B932-385A-450E-ACDD-AA077F9CB72A} = {3EB8BB73-2CC1-4FC7-9698-902450CA3001}
		{5CCA55FA-B99C-46D5-82FC-0B9F99774F18} = {3EB8BB73-2CC1-4FC7-9698-902450CA3001}
		{E5B5A82D-94FC-4D85-B977-CD58E2B5AAAB} = {3EB8BB73-2CC1-4FC7-9698-902450CA3001}
		{6ABEC821-5BFF-46AC-A50F-A836B9A4C747} = {3EB8BB73-2CC1-4FC7-9698-902450CA3001}
		{B13FD2BA-2B9B-442E-A8F9-3918ECC45CC1} = {3EB8BB73-2CC1-4FC7-9698-902450CA3001}
		{F6B9DB56-95F6-462E-80CC-3A26394A61CC} = {3EB8BB73-2CC1-4FC7-9698-902450CA3001}
		{2F74725E-CB0A-46BC-9F22-8219E8CD06B1} = {5CCA55FA-B99C-46D5-82FC-0B9F99774F18}
		{0E0D1296-18AA-452E-BE4B-968E53FAAE45} = {B13FD2BA-2B9B-442E-A8F9-3918ECC45CC1}
		{2C40E267-B61B-4012-849C-BD590DA5595F} = {E5B5A82D-94FC-4D85-B977-CD58E2B5AAAB}
		{F6514D97-8D76-4602-AC4B-27F827A25062} = {57D4B932-385A-450E-ACDD-AA077F9CB72A}
		{7448C1C0-C10A-4FE3-A97C-8C80E054D09E} = {57D4B932-385A-450E-ACDD-AA077F9CB72A}
		{E7904000-4AC6-40E4-997F-CC18E4F0F628} = {E5B5A82D-94FC-4D85-B977-CD58E2B5AAAB}
		{C73E914F-B06E-4890-859C-1B3036D4ABC9} = {5CCA55FA-B99C-46D5-82FC-0B9F99774F18}
		{4FE9E4BA-4820-4321-9D79-A8767AC3B7C4} = {5CCA55FA-B99C-46D5-82FC-0B9F99774F18}
		{4F3B72B5-9A67-4A2B-8E15-2DEC2927E16D} = {F6B9DB56-95F6-462E-80CC-3A26394A61CC}
		{D4299DB2-4C07-4705-949B-A7CF7364E0CC} = {F6B9DB56-95F6-462E-80CC-3A26394A61CC}
		{38ED3A90-9B25-420B-9BD2-4FFE0091016F} = {57D4B932-385A-450E-ACDD-AA077F9CB72A}
		{7676BF66-7200-4AF3-9A09-10C82AB82188} = {F6B9DB56-95F6-462E-80CC-3A26394A61CC}
	EndGlobalSection
EndGlobal
